
Microsoft Visual Studio Solution File, Format Version 12.00
# Visual Studio Version 17
VisualStudioVersion = 17.6.33723.286
MinimumVisualStudioVersion = 10.0.40219.1
Project("{888888A0-9F3D-457C-B088-3A5042F75D52}") = "Lawoulet", "Lawoulet\Lawoulet.pyproj", "{3BC31608-609A-4D2A-81A0-7A5B558E25EF}"
EndProject
Global
	GlobalSection(SolutionConfigurationPlatforms) = preSolution
		Debug|Any CPU = Debug|Any CPU
		Release|Any CPU = Release|Any CPU
	EndGlobalSection
	GlobalSection(ProjectConfigurationPlatforms) = postSolution
		{3BC31608-609A-4D2A-81A0-7A5B558E25EF}.Debug|Any CPU.ActiveCfg = Debug|Any CPU
		{3BC31608-609A-4D2A-81A0-7A5B558E25EF}.Release|Any CPU.ActiveCfg = Release|Any CPU
	EndGlobalSection
	GlobalSection(SolutionProperties) = preSolution
		HideSolutionNode = FALSE
	EndGlobalSection
	GlobalSection(ExtensibilityGlobals) = postSolution
		SolutionGuid = {873F7C46-8285-417D-B94F-4D6298C29EC2}
	EndGlobalSection
EndGlobal
